{
  "pins" : [
    {
      "identity" : "swift-http-structured-headers",
      "kind" : "remoteSourceControl",
      "location" : "https://github.com/apple/swift-http-structured-headers.git",
      "state" : {
        "revision" : "f280fc7676b9940ff2c6598642751ea333c6544f",
        "version" : "1.2.2"
      }
    }
  ],
  "version" : 2
}
