{
  "pins" : [
    {
      "identity" : "swift-http-structured-headers",
      "kind" : "remoteSourceControl",
      "location" : "https://github.com/apple/swift-http-structured-headers.git",
      "state" : {
        "revision" : "d01361d32e14ae9b70ea5bd308a3794a198a2706",
        "version" : "1.2.0"
      }
    }
  ],
  "version" : 2
}
